
Microsoft Visual Studio Solution File, Format Version 12.00
# Visual Studio Version 17
VisualStudioVersion = 17.3.32901.215
MinimumVisualStudioVersion = 10.0.40219.1
Project("{2150E333-8FDC-42A3-9474-1A3956D46DE8}") = "Front", "Front", "{12B24685-8E36-4143-BEF2-D6DEC5DF036E}"
EndProject
Project("{2150E333-8FDC-42A3-9474-1A3956D46DE8}") = "Common", "Common", "{DD9358A5-87FE-4EFC-9C03-467088832CCC}"
EndProject
Project("{2150E333-8FDC-42A3-9474-1A3956D46DE8}") = "Back", "Back", "{82EC90D5-3E2E-4DA2-8E60-E2158C07C2CA}"
EndProject
Project("{9A19103F-16F7-4668-BE54-9A1E7A4F7556}") = "FrontDTOs", "Common\FrontDTOs\FrontDTOs.csproj", "{9457DB90-703F-4EB3-8486-FB4159950E66}"
EndProject
Project("{9A19103F-16F7-4668-BE54-9A1E7A4F7556}") = "ServerObjects", "Back\ServerObjects\ServerObjects.csproj", "{0D41EF19-5753-41C9-8733-61C443507787}"
EndProject
Project("{9A19103F-16F7-4668-BE54-9A1E7A4F7556}") = "AuthServer", "Back\AuthServer\AuthServer.csproj", "{B79D37F4-F2C0-4C16-A1E3-566688288A10}"
EndProject
Project("{9A19103F-16F7-4668-BE54-9A1E7A4F7556}") = "ServerBase", "Back\ServerBase\ServerBase.csproj", "{6B128862-4A4D-4F12-9B19-B6E913532588}"
EndProject
Project("{9A19103F-16F7-4668-BE54-9A1E7A4F7556}") = "ApiSdk", "Front\ApiSdk\ApiSdk.csproj", "{5248BD92-751B-49EE-A7AC-F5E8CC5806DD}"
EndProject
Project("{FAE04EC0-301F-11D3-BF4B-00C04F79EFBC}") = "SimsLite_Parents", "Front\SimsLite_Parents\SimsLite_Parents.csproj", "{53CC28D5-92D1-44AD-BD6C-0E027CDF3FEF}"
EndProject
Project("{9A19103F-16F7-4668-BE54-9A1E7A4F7556}") = "SimsLite_Parents.Core", "Front\SimsLite_Parents.Core\SimsLite_Parents.Core.csproj", "{3D187E8C-66B8-4776-B28C-B73FFEA11DBC}"
EndProject
Global
	GlobalSection(SolutionConfigurationPlatforms) = preSolution
		Debug|Any CPU = Debug|Any CPU
		Debug|ARM = Debug|ARM
		Debug|ARM64 = Debug|ARM64
		Debug|x64 = Debug|x64
		Debug|x86 = Debug|x86
		Release|Any CPU = Release|Any CPU
		Release|ARM = Release|ARM
		Release|ARM64 = Release|ARM64
		Release|x64 = Release|x64
		Release|x86 = Release|x86
	EndGlobalSection
	GlobalSection(ProjectConfigurationPlatforms) = postSolution
		{9457DB90-703F-4EB3-8486-FB4159950E66}.Debug|Any CPU.ActiveCfg = Debug|Any CPU
		{9457DB90-703F-4EB3-8486-FB4159950E66}.Debug|Any CPU.Build.0 = Debug|Any CPU
		{9457DB90-703F-4EB3-8486-FB4159950E66}.Debug|ARM.ActiveCfg = Debug|Any CPU
		{9457DB90-703F-4EB3-8486-FB4159950E66}.Debug|ARM.Build.0 = Debug|Any CPU
		{9457DB90-703F-4EB3-8486-FB4159950E66}.Debug|ARM64.ActiveCfg = Debug|Any CPU
		{9457DB90-703F-4EB3-8486-FB4159950E66}.Debug|ARM64.Build.0 = Debug|Any CPU
		{9457DB90-703F-4EB3-8486-FB4159950E66}.Debug|x64.ActiveCfg = Debug|Any CPU
		{9457DB90-703F-4EB3-8486-FB4159950E66}.Debug|x64.Build.0 = Debug|Any CPU
		{9457DB90-703F-4EB3-8486-FB4159950E66}.Debug|x86.ActiveCfg = Debug|Any CPU
		{9457DB90-703F-4EB3-8486-FB4159950E66}.Debug|x86.Build.0 = Debug|Any CPU
		{9457DB90-703F-4EB3-8486-FB4159950E66}.Release|Any CPU.ActiveCfg = Release|Any CPU
		{9457DB90-703F-4EB3-8486-FB4159950E66}.Release|Any CPU.Build.0 = Release|Any CPU
		{9457DB90-703F-4EB3-8486-FB4159950E66}.Release|ARM.ActiveCfg = Release|Any CPU
		{9457DB90-703F-4EB3-8486-FB4159950E66}.Release|ARM.Build.0 = Release|Any CPU
		{9457DB90-703F-4EB3-8486-FB4159950E66}.Release|ARM64.ActiveCfg = Release|Any CPU
		{9457DB90-703F-4EB3-8486-FB4159950E66}.Release|ARM64.Build.0 = Release|Any CPU
		{9457DB90-703F-4EB3-8486-FB4159950E66}.Release|x64.ActiveCfg = Release|Any CPU
		{9457DB90-703F-4EB3-8486-FB4159950E66}.Release|x64.Build.0 = Release|Any CPU
		{9457DB90-703F-4EB3-8486-FB4159950E66}.Release|x86.ActiveCfg = Release|Any CPU
		{9457DB90-703F-4EB3-8486-FB4159950E66}.Release|x86.Build.0 = Release|Any CPU
		{0D41EF19-5753-41C9-8733-61C443507787}.Debug|Any CPU.ActiveCfg = Debug|Any CPU
		{0D41EF19-5753-41C9-8733-61C443507787}.Debug|Any CPU.Build.0 = Debug|Any CPU
		{0D41EF19-5753-41C9-8733-61C443507787}.Debug|ARM.ActiveCfg = Debug|Any CPU
		{0D41EF19-5753-41C9-8733-61C443507787}.Debug|ARM.Build.0 = Debug|Any CPU
		{0D41EF19-5753-41C9-8733-61C443507787}.Debug|ARM64.ActiveCfg = Debug|Any CPU
		{0D41EF19-5753-41C9-8733-61C443507787}.Debug|ARM64.Build.0 = Debug|Any CPU
		{0D41EF19-5753-41C9-8733-61C443507787}.Debug|x64.ActiveCfg = Debug|Any CPU
		{0D41EF19-5753-41C9-8733-61C443507787}.Debug|x64.Build.0 = Debug|Any CPU
		{0D41EF19-5753-41C9-8733-61C443507787}.Debug|x86.ActiveCfg = Debug|Any CPU
		{0D41EF19-5753-41C9-8733-61C443507787}.Debug|x86.Build.0 = Debug|Any CPU
		{0D41EF19-5753-41C9-8733-61C443507787}.Release|Any CPU.ActiveCfg = Release|Any CPU
		{0D41EF19-5753-41C9-8733-61C443507787}.Release|Any CPU.Build.0 = Release|Any CPU
		{0D41EF19-5753-41C9-8733-61C443507787}.Release|ARM.ActiveCfg = Release|Any CPU
		{0D41EF19-5753-41C9-8733-61C443507787}.Release|ARM.Build.0 = Release|Any CPU
		{0D41EF19-5753-41C9-8733-61C443507787}.Release|ARM64.ActiveCfg = Release|Any CPU
		{0D41EF19-5753-41C9-8733-61C443507787}.Release|ARM64.Build.0 = Release|Any CPU
		{0D41EF19-5753-41C9-8733-61C443507787}.Release|x64.ActiveCfg = Release|Any CPU
		{0D41EF19-5753-41C9-8733-61C443507787}.Release|x64.Build.0 = Release|Any CPU
		{0D41EF19-5753-41C9-8733-61C443507787}.Release|x86.ActiveCfg = Release|Any CPU
		{0D41EF19-5753-41C9-8733-61C443507787}.Release|x86.Build.0 = Release|Any CPU
		{B79D37F4-F2C0-4C16-A1E3-566688288A10}.Debug|Any CPU.ActiveCfg = Debug|Any CPU
		{B79D37F4-F2C0-4C16-A1E3-566688288A10}.Debug|Any CPU.Build.0 = Debug|Any CPU
		{B79D37F4-F2C0-4C16-A1E3-566688288A10}.Debug|ARM.ActiveCfg = Debug|Any CPU
		{B79D37F4-F2C0-4C16-A1E3-566688288A10}.Debug|ARM.Build.0 = Debug|Any CPU
		{B79D37F4-F2C0-4C16-A1E3-566688288A10}.Debug|ARM64.ActiveCfg = Debug|Any CPU
		{B79D37F4-F2C0-4C16-A1E3-566688288A10}.Debug|ARM64.Build.0 = Debug|Any CPU
		{B79D37F4-F2C0-4C16-A1E3-566688288A10}.Debug|x64.ActiveCfg = Debug|Any CPU
		{B79D37F4-F2C0-4C16-A1E3-566688288A10}.Debug|x64.Build.0 = Debug|Any CPU
		{B79D37F4-F2C0-4C16-A1E3-566688288A10}.Debug|x86.ActiveCfg = Debug|Any CPU
		{B79D37F4-F2C0-4C16-A1E3-566688288A10}.Debug|x86.Build.0 = Debug|Any CPU
		{B79D37F4-F2C0-4C16-A1E3-566688288A10}.Release|Any CPU.ActiveCfg = Release|Any CPU
		{B79D37F4-F2C0-4C16-A1E3-566688288A10}.Release|Any CPU.Build.0 = Release|Any CPU
		{B79D37F4-F2C0-4C16-A1E3-566688288A10}.Release|ARM.ActiveCfg = Release|Any CPU
		{B79D37F4-F2C0-4C16-A1E3-566688288A10}.Release|ARM.Build.0 = Release|Any CPU
		{B79D37F4-F2C0-4C16-A1E3-566688288A10}.Release|ARM64.ActiveCfg = Release|Any CPU
		{B79D37F4-F2C0-4C16-A1E3-566688288A10}.Release|ARM64.Build.0 = Release|Any CPU
		{B79D37F4-F2C0-4C16-A1E3-566688288A10}.Release|x64.ActiveCfg = Release|Any CPU
		{B79D37F4-F2C0-4C16-A1E3-566688288A10}.Release|x64.Build.0 = Release|Any CPU
		{B79D37F4-F2C0-4C16-A1E3-566688288A10}.Release|x86.ActiveCfg = Release|Any CPU
		{B79D37F4-F2C0-4C16-A1E3-566688288A10}.Release|x86.Build.0 = Release|Any CPU
		{6B128862-4A4D-4F12-9B19-B6E913532588}.Debug|Any CPU.ActiveCfg = Debug|Any CPU
		{6B128862-4A4D-4F12-9B19-B6E913532588}.Debug|Any CPU.Build.0 = Debug|Any CPU
		{6B128862-4A4D-4F12-9B19-B6E913532588}.Debug|ARM.ActiveCfg = Debug|Any CPU
		{6B128862-4A4D-4F12-9B19-B6E913532588}.Debug|ARM.Build.0 = Debug|Any CPU
		{6B128862-4A4D-4F12-9B19-B6E913532588}.Debug|ARM64.ActiveCfg = Debug|Any CPU
		{6B128862-4A4D-4F12-9B19-B6E913532588}.Debug|ARM64.Build.0 = Debug|Any CPU
		{6B128862-4A4D-4F12-9B19-B6E913532588}.Debug|x64.ActiveCfg = Debug|Any CPU
		{6B128862-4A4D-4F12-9B19-B6E913532588}.Debug|x64.Build.0 = Debug|Any CPU
		{6B128862-4A4D-4F12-9B19-B6E913532588}.Debug|x86.ActiveCfg = Debug|Any CPU
		{6B128862-4A4D-4F12-9B19-B6E913532588}.Debug|x86.Build.0 = Debug|Any CPU
		{6B128862-4A4D-4F12-9B19-B6E913532588}.Release|Any CPU.ActiveCfg = Release|Any CPU
		{6B128862-4A4D-4F12-9B19-B6E913532588}.Release|Any CPU.Build.0 = Release|Any CPU
		{6B128862-4A4D-4F12-9B19-B6E913532588}.Release|ARM.ActiveCfg = Release|Any CPU
		{6B128862-4A4D-4F12-9B19-B6E913532588}.Release|ARM.Build.0 = Release|Any CPU
		{6B128862-4A4D-4F12-9B19-B6E913532588}.Release|ARM64.ActiveCfg = Release|Any CPU
		{6B128862-4A4D-4F12-9B19-B6E913532588}.Release|ARM64.Build.0 = Release|Any CPU
		{6B128862-4A4D-4F12-9B19-B6E913532588}.Release|x64.ActiveCfg = Release|Any CPU
		{6B128862-4A4D-4F12-9B19-B6E913532588}.Release|x64.Build.0 = Release|Any CPU
		{6B128862-4A4D-4F12-9B19-B6E913532588}.Release|x86.ActiveCfg = Release|Any CPU
		{6B128862-4A4D-4F12-9B19-B6E913532588}.Release|x86.Build.0 = Release|Any CPU
		{5248BD92-751B-49EE-A7AC-F5E8CC5806DD}.Debug|Any CPU.ActiveCfg = Debug|Any CPU
		{5248BD92-751B-49EE-A7AC-F5E8CC5806DD}.Debug|Any CPU.Build.0 = Debug|Any CPU
		{5248BD92-751B-49EE-A7AC-F5E8CC5806DD}.Debug|ARM.ActiveCfg = Debug|Any CPU
		{5248BD92-751B-49EE-A7AC-F5E8CC5806DD}.Debug|ARM.Build.0 = Debug|Any CPU
		{5248BD92-751B-49EE-A7AC-F5E8CC5806DD}.Debug|ARM64.ActiveCfg = Debug|Any CPU
		{5248BD92-751B-49EE-A7AC-F5E8CC5806DD}.Debug|ARM64.Build.0 = Debug|Any CPU
		{5248BD92-751B-49EE-A7AC-F5E8CC5806DD}.Debug|x64.ActiveCfg = Debug|Any CPU
		{5248BD92-751B-49EE-A7AC-F5E8CC5806DD}.Debug|x64.Build.0 = Debug|Any CPU
		{5248BD92-751B-49EE-A7AC-F5E8CC5806DD}.Debug|x86.ActiveCfg = Debug|Any CPU
		{5248BD92-751B-49EE-A7AC-F5E8CC5806DD}.Debug|x86.Build.0 = Debug|Any CPU
		{5248BD92-751B-49EE-A7AC-F5E8CC5806DD}.Release|Any CPU.ActiveCfg = Release|Any CPU
		{5248BD92-751B-49EE-A7AC-F5E8CC5806DD}.Release|Any CPU.Build.0 = Release|Any CPU
		{5248BD92-751B-49EE-A7AC-F5E8CC5806DD}.Release|ARM.ActiveCfg = Release|Any CPU
		{5248BD92-751B-49EE-A7AC-F5E8CC5806DD}.Release|ARM.Build.0 = Release|Any CPU
		{5248BD92-751B-49EE-A7AC-F5E8CC5806DD}.Release|ARM64.ActiveCfg = Release|Any CPU
		{5248BD92-751B-49EE-A7AC-F5E8CC5806DD}.Release|ARM64.Build.0 = Release|Any CPU
		{5248BD92-751B-49EE-A7AC-F5E8CC5806DD}.Release|x64.ActiveCfg = Release|Any CPU
		{5248BD92-751B-49EE-A7AC-F5E8CC5806DD}.Release|x64.Build.0 = Release|Any CPU
		{5248BD92-751B-49EE-A7AC-F5E8CC5806DD}.Release|x86.ActiveCfg = Release|Any CPU
		{5248BD92-751B-49EE-A7AC-F5E8CC5806DD}.Release|x86.Build.0 = Release|Any CPU
		{53CC28D5-92D1-44AD-BD6C-0E027CDF3FEF}.Debug|Any CPU.ActiveCfg = Debug|x64
		{53CC28D5-92D1-44AD-BD6C-0E027CDF3FEF}.Debug|Any CPU.Build.0 = Debug|x64
		{53CC28D5-92D1-44AD-BD6C-0E027CDF3FEF}.Debug|Any CPU.Deploy.0 = Debug|x64
		{53CC28D5-92D1-44AD-BD6C-0E027CDF3FEF}.Debug|ARM.ActiveCfg = Debug|ARM
		{53CC28D5-92D1-44AD-BD6C-0E027CDF3FEF}.Debug|ARM.Build.0 = Debug|ARM
		{53CC28D5-92D1-44AD-BD6C-0E027CDF3FEF}.Debug|ARM.Deploy.0 = Debug|ARM
		{53CC28D5-92D1-44AD-BD6C-0E027CDF3FEF}.Debug|ARM64.ActiveCfg = Debug|ARM64
		{53CC28D5-92D1-44AD-BD6C-0E027CDF3FEF}.Debug|ARM64.Build.0 = Debug|ARM64
		{53CC28D5-92D1-44AD-BD6C-0E027CDF3FEF}.Debug|ARM64.Deploy.0 = Debug|ARM64
		{53CC28D5-92D1-44AD-BD6C-0E027CDF3FEF}.Debug|x64.ActiveCfg = Debug|x64
		{53CC28D5-92D1-44AD-BD6C-0E027CDF3FEF}.Debug|x64.Build.0 = Debug|x64
		{53CC28D5-92D1-44AD-BD6C-0E027CDF3FEF}.Debug|x64.Deploy.0 = Debug|x64
		{53CC28D5-92D1-44AD-BD6C-0E027CDF3FEF}.Debug|x86.ActiveCfg = Debug|x86
		{53CC28D5-92D1-44AD-BD6C-0E027CDF3FEF}.Debug|x86.Build.0 = Debug|x86
		{53CC28D5-92D1-44AD-BD6C-0E027CDF3FEF}.Debug|x86.Deploy.0 = Debug|x86
		{53CC28D5-92D1-44AD-BD6C-0E027CDF3FEF}.Release|Any CPU.ActiveCfg = Release|x64
		{53CC28D5-92D1-44AD-BD6C-0E027CDF3FEF}.Release|Any CPU.Build.0 = Release|x64
		{53CC28D5-92D1-44AD-BD6C-0E027CDF3FEF}.Release|Any CPU.Deploy.0 = Release|x64
		{53CC28D5-92D1-44AD-BD6C-0E027CDF3FEF}.Release|ARM.ActiveCfg = Release|ARM
		{53CC28D5-92D1-44AD-BD6C-0E027CDF3FEF}.Release|ARM.Build.0 = Release|ARM
		{53CC28D5-92D1-44AD-BD6C-0E027CDF3FEF}.Release|ARM.Deploy.0 = Release|ARM
		{53CC28D5-92D1-44AD-BD6C-0E027CDF3FEF}.Release|ARM64.ActiveCfg = Release|ARM64
		{53CC28D5-92D1-44AD-BD6C-0E027CDF3FEF}.Release|ARM64.Build.0 = Release|ARM64
		{53CC28D5-92D1-44AD-BD6C-0E027CDF3FEF}.Release|ARM64.Deploy.0 = Release|ARM64
		{53CC28D5-92D1-44AD-BD6C-0E027CDF3FEF}.Release|x64.ActiveCfg = Release|x64
		{53CC28D5-92D1-44AD-BD6C-0E027CDF3FEF}.Release|x64.Build.0 = Release|x64
		{53CC28D5-92D1-44AD-BD6C-0E027CDF3FEF}.Release|x64.Deploy.0 = Release|x64
		{53CC28D5-92D1-44AD-BD6C-0E027CDF3FEF}.Release|x86.ActiveCfg = Release|x86
		{53CC28D5-92D1-44AD-BD6C-0E027CDF3FEF}.Release|x86.Build.0 = Release|x86
		{53CC28D5-92D1-44AD-BD6C-0E027CDF3FEF}.Release|x86.Deploy.0 = Release|x86
		{3D187E8C-66B8-4776-B28C-B73FFEA11DBC}.Debug|Any CPU.ActiveCfg = Debug|Any CPU
		{3D187E8C-66B8-4776-B28C-B73FFEA11DBC}.Debug|Any CPU.Build.0 = Debug|Any CPU
		{3D187E8C-66B8-4776-B28C-B73FFEA11DBC}.Debug|ARM.ActiveCfg = Debug|Any CPU
		{3D187E8C-66B8-4776-B28C-B73FFEA11DBC}.Debug|ARM.Build.0 = Debug|Any CPU
		{3D187E8C-66B8-4776-B28C-B73FFEA11DBC}.Debug|ARM64.ActiveCfg = Debug|Any CPU
		{3D187E8C-66B8-4776-B28C-B73FFEA11DBC}.Debug|ARM64.Build.0 = Debug|Any CPU
		{3D187E8C-66B8-4776-B28C-B73FFEA11DBC}.Debug|x64.ActiveCfg = Debug|Any CPU
		{3D187E8C-66B8-4776-B28C-B73FFEA11DBC}.Debug|x64.Build.0 = Debug|Any CPU
		{3D187E8C-66B8-4776-B28C-B73FFEA11DBC}.Debug|x86.ActiveCfg = Debug|Any CPU
		{3D187E8C-66B8-4776-B28C-B73FFEA11DBC}.Debug|x86.Build.0 = Debug|Any CPU
		{3D187E8C-66B8-4776-B28C-B73FFEA11DBC}.Release|Any CPU.ActiveCfg = Release|Any CPU
		{3D187E8C-66B8-4776-B28C-B73FFEA11DBC}.Release|Any CPU.Build.0 = Release|Any CPU
		{3D187E8C-66B8-4776-B28C-B73FFEA11DBC}.Release|ARM.ActiveCfg = Release|Any CPU
		{3D187E8C-66B8-4776-B28C-B73FFEA11DBC}.Release|ARM.Build.0 = Release|Any CPU
		{3D187E8C-66B8-4776-B28C-B73FFEA11DBC}.Release|ARM64.ActiveCfg = Release|Any CPU
		{3D187E8C-66B8-4776-B28C-B73FFEA11DBC}.Release|ARM64.Build.0 = Release|Any CPU
		{3D187E8C-66B8-4776-B28C-B73FFEA11DBC}.Release|x64.ActiveCfg = Release|Any CPU
		{3D187E8C-66B8-4776-B28C-B73FFEA11DBC}.Release|x64.Build.0 = Release|Any CPU
		{3D187E8C-66B8-4776-B28C-B73FFEA11DBC}.Release|x86.ActiveCfg = Release|Any CPU
		{3D187E8C-66B8-4776-B28C-B73FFEA11DBC}.Release|x86.Build.0 = Release|Any CPU
	EndGlobalSection
	GlobalSection(SolutionProperties) = preSolution
		HideSolutionNode = FALSE
	EndGlobalSection
	GlobalSection(NestedProjects) = preSolution
		{9457DB90-703F-4EB3-8486-FB4159950E66} = {DD9358A5-87FE-4EFC-9C03-467088832CCC}
		{0D41EF19-5753-41C9-8733-61C443507787} = {82EC90D5-3E2E-4DA2-8E60-E2158C07C2CA}
		{B79D37F4-F2C0-4C16-A1E3-566688288A10} = {82EC90D5-3E2E-4DA2-8E60-E2158C07C2CA}
		{6B128862-4A4D-4F12-9B19-B6E913532588} = {82EC90D5-3E2E-4DA2-8E60-E2158C07C2CA}
		{5248BD92-751B-49EE-A7AC-F5E8CC5806DD} = {12B24685-8E36-4143-BEF2-D6DEC5DF036E}
		{53CC28D5-92D1-44AD-BD6C-0E027CDF3FEF} = {12B24685-8E36-4143-BEF2-D6DEC5DF036E}
		{3D187E8C-66B8-4776-B28C-B73FFEA11DBC} = {12B24685-8E36-4143-BEF2-D6DEC5DF036E}
	EndGlobalSection
	GlobalSection(ExtensibilityGlobals) = postSolution
		SolutionGuid = {57CFCAE1-8A5C-4406-B38D-22DFF5E9A93D}
	EndGlobalSection
EndGlobal
